
Microsoft Visual Studio Solution File, Format Version 12.00
# Visual Studio Version 17
VisualStudioVersion = 17.6.33723.286
MinimumVisualStudioVersion = 10.0.40219.1
Project("{FAE04EC0-301F-11D3-BF4B-00C04F79EFBC}") = "ModuloOperation", "ModuloOperation\ModuloOperation.csproj", "{21401294-3FF3-4E03-A697-3FBB6939568B}"
EndProject
Global
	GlobalSection(SolutionConfigurationPlatforms) = preSolution
		Debug|Any CPU = Debug|Any CPU
		Release|Any CPU = Release|Any CPU
	EndGlobalSection
	GlobalSection(ProjectConfigurationPlatforms) = postSolution
		{21401294-3FF3-4E03-A697-3FBB6939568B}.Debug|Any CPU.ActiveCfg = Debug|Any CPU
		{21401294-3FF3-4E03-A697-3FBB6939568B}.Debug|Any CPU.Build.0 = Debug|Any CPU
		{21401294-3FF3-4E03-A697-3FBB6939568B}.Release|Any CPU.ActiveCfg = Release|Any CPU
		{21401294-3FF3-4E03-A697-3FBB6939568B}.Release|Any CPU.Build.0 = Release|Any CPU
	EndGlobalSection
	GlobalSection(SolutionProperties) = preSolution
		HideSolutionNode = FALSE
	EndGlobalSection
	GlobalSection(ExtensibilityGlobals) = postSolution
		SolutionGuid = {9585A49E-04E4-461E-B46E-6F97A5FA1E5E}
	EndGlobalSection
EndGlobal
