
Microsoft Visual Studio Solution File, Format Version 12.00
# Visual Studio Version 17
VisualStudioVersion = 17.6.33723.286
MinimumVisualStudioVersion = 10.0.40219.1
Project("{FAE04EC0-301F-11D3-BF4B-00C04F79EFBC}") = "Uppercase", "Uppercase\Uppercase.csproj", "{F928BFB4-5FC8-49EA-8A8B-B6EFE5E20209}"
EndProject
Global
	GlobalSection(SolutionConfigurationPlatforms) = preSolution
		Debug|Any CPU = Debug|Any CPU
		Release|Any CPU = Release|Any CPU
	EndGlobalSection
	GlobalSection(ProjectConfigurationPlatforms) = postSolution
		{F928BFB4-5FC8-49EA-8A8B-B6EFE5E20209}.Debug|Any CPU.ActiveCfg = Debug|Any CPU
		{F928BFB4-5FC8-49EA-8A8B-B6EFE5E20209}.Debug|Any CPU.Build.0 = Debug|Any CPU
		{F928BFB4-5FC8-49EA-8A8B-B6EFE5E20209}.Release|Any CPU.ActiveCfg = Release|Any CPU
		{F928BFB4-5FC8-49EA-8A8B-B6EFE5E20209}.Release|Any CPU.Build.0 = Release|Any CPU
	EndGlobalSection
	GlobalSection(SolutionProperties) = preSolution
		HideSolutionNode = FALSE
	EndGlobalSection
	GlobalSection(ExtensibilityGlobals) = postSolution
		SolutionGuid = {48833E85-6116-4426-BCB1-130551252561}
	EndGlobalSection
EndGlobal
