
Microsoft Visual Studio Solution File, Format Version 12.00
# Visual Studio Version 17
VisualStudioVersion = 17.6.33723.286
MinimumVisualStudioVersion = 10.0.40219.1
Project("{FAE04EC0-301F-11D3-BF4B-00C04F79EFBC}") = "Celsius-Fahrenheit", "Celsius-Fahrenheit\Celsius-Fahrenheit.csproj", "{829BB8CC-9D40-4F52-AC39-8230076E31EB}"
EndProject
Global
	GlobalSection(SolutionConfigurationPlatforms) = preSolution
		Debug|Any CPU = Debug|Any CPU
		Release|Any CPU = Release|Any CPU
	EndGlobalSection
	GlobalSection(ProjectConfigurationPlatforms) = postSolution
		{829BB8CC-9D40-4F52-AC39-8230076E31EB}.Debug|Any CPU.ActiveCfg = Debug|Any CPU
		{829BB8CC-9D40-4F52-AC39-8230076E31EB}.Debug|Any CPU.Build.0 = Debug|Any CPU
		{829BB8CC-9D40-4F52-AC39-8230076E31EB}.Release|Any CPU.ActiveCfg = Release|Any CPU
		{829BB8CC-9D40-4F52-AC39-8230076E31EB}.Release|Any CPU.Build.0 = Release|Any CPU
	EndGlobalSection
	GlobalSection(SolutionProperties) = preSolution
		HideSolutionNode = FALSE
	EndGlobalSection
	GlobalSection(ExtensibilityGlobals) = postSolution
		SolutionGuid = {5F0567CF-6B6A-416E-9922-A3D53F2B2408}
	EndGlobalSection
EndGlobal
