
Microsoft Visual Studio Solution File, Format Version 12.00
# Visual Studio Version 17
VisualStudioVersion = 17.6.33723.286
MinimumVisualStudioVersion = 10.0.40219.1
Project("{FAE04EC0-301F-11D3-BF4B-00C04F79EFBC}") = "Divisible2or3", "Divisible2or3\Divisible2or3.csproj", "{88D71A47-79CD-43B2-AA5C-2E4DA6AAB193}"
EndProject
Global
	GlobalSection(SolutionConfigurationPlatforms) = preSolution
		Debug|Any CPU = Debug|Any CPU
		Release|Any CPU = Release|Any CPU
	EndGlobalSection
	GlobalSection(ProjectConfigurationPlatforms) = postSolution
		{88D71A47-79CD-43B2-AA5C-2E4DA6AAB193}.Debug|Any CPU.ActiveCfg = Debug|Any CPU
		{88D71A47-79CD-43B2-AA5C-2E4DA6AAB193}.Debug|Any CPU.Build.0 = Debug|Any CPU
		{88D71A47-79CD-43B2-AA5C-2E4DA6AAB193}.Release|Any CPU.ActiveCfg = Release|Any CPU
		{88D71A47-79CD-43B2-AA5C-2E4DA6AAB193}.Release|Any CPU.Build.0 = Release|Any CPU
	EndGlobalSection
	GlobalSection(SolutionProperties) = preSolution
		HideSolutionNode = FALSE
	EndGlobalSection
	GlobalSection(ExtensibilityGlobals) = postSolution
		SolutionGuid = {3E63FA91-E187-49B5-A461-44642F14185E}
	EndGlobalSection
EndGlobal
