
Microsoft Visual Studio Solution File, Format Version 12.00
# Visual Studio Version 17
VisualStudioVersion = 17.6.33723.286
MinimumVisualStudioVersion = 10.0.40219.1
Project("{FAE04EC0-301F-11D3-BF4B-00C04F79EFBC}") = "GreaterThird", "GreaterThird\GreaterThird.csproj", "{A782C070-B548-4012-8AF1-50649957FB73}"
EndProject
Global
	GlobalSection(SolutionConfigurationPlatforms) = preSolution
		Debug|Any CPU = Debug|Any CPU
		Release|Any CPU = Release|Any CPU
	EndGlobalSection
	GlobalSection(ProjectConfigurationPlatforms) = postSolution
		{A782C070-B548-4012-8AF1-50649957FB73}.Debug|Any CPU.ActiveCfg = Debug|Any CPU
		{A782C070-B548-4012-8AF1-50649957FB73}.Debug|Any CPU.Build.0 = Debug|Any CPU
		{A782C070-B548-4012-8AF1-50649957FB73}.Release|Any CPU.ActiveCfg = Release|Any CPU
		{A782C070-B548-4012-8AF1-50649957FB73}.Release|Any CPU.Build.0 = Release|Any CPU
	EndGlobalSection
	GlobalSection(SolutionProperties) = preSolution
		HideSolutionNode = FALSE
	EndGlobalSection
	GlobalSection(ExtensibilityGlobals) = postSolution
		SolutionGuid = {DF5EB573-761A-4586-96E8-6D3AAF8C157F}
	EndGlobalSection
EndGlobal
